
Microsoft Visual Studio Solution File, Format Version 12.00
# Visual Studio Version 16
VisualStudioVersion = 16.0.31424.327
MinimumVisualStudioVersion = 10.0.40219.1
Project("{FAE04EC0-301F-11D3-BF4B-00C04F79EFBC}") = "ControlLibrary", "ControlLibrary\ControlLibrary.csproj", "{A83A94BF-7492-4CC4-99C4-0465EF3624ED}"
EndProject
Project("{FAE04EC0-301F-11D3-BF4B-00C04F79EFBC}") = "ControlLibaryTest", "ControlLibaryTest\ControlLibaryTest.csproj", "{5CB19972-81A1-4977-B917-11AC0D83FAE2}"
EndProject
Global
	GlobalSection(SolutionConfigurationPlatforms) = preSolution
		Debug|Any CPU = Debug|Any CPU
		Release|Any CPU = Release|Any CPU
	EndGlobalSection
	GlobalSection(ProjectConfigurationPlatforms) = postSolution
		{A83A94BF-7492-4CC4-99C4-0465EF3624ED}.Debug|Any CPU.ActiveCfg = Debug|Any CPU
		{A83A94BF-7492-4CC4-99C4-0465EF3624ED}.Debug|Any CPU.Build.0 = Debug|Any CPU
		{A83A94BF-7492-4CC4-99C4-0465EF3624ED}.Release|Any CPU.ActiveCfg = Release|Any CPU
		{A83A94BF-7492-4CC4-99C4-0465EF3624ED}.Release|Any CPU.Build.0 = Release|Any CPU
		{5CB19972-81A1-4977-B917-11AC0D83FAE2}.Debug|Any CPU.ActiveCfg = Debug|Any CPU
		{5CB19972-81A1-4977-B917-11AC0D83FAE2}.Debug|Any CPU.Build.0 = Debug|Any CPU
		{5CB19972-81A1-4977-B917-11AC0D83FAE2}.Release|Any CPU.ActiveCfg = Release|Any CPU
		{5CB19972-81A1-4977-B917-11AC0D83FAE2}.Release|Any CPU.Build.0 = Release|Any CPU
	EndGlobalSection
	GlobalSection(SolutionProperties) = preSolution
		HideSolutionNode = FALSE
	EndGlobalSection
	GlobalSection(ExtensibilityGlobals) = postSolution
		SolutionGuid = {97E436A1-7EBA-4FBA-84F0-D204D0DB3844}
	EndGlobalSection
EndGlobal
